
Microsoft Visual Studio Solution File, Format Version 12.00
# Visual Studio Version 16
VisualStudioVersion = 16.0.30204.135
MinimumVisualStudioVersion = 10.0.40219.1
Project("{9A19103F-16F7-4668-BE54-9A1E7A4F7556}") = "CPK.Sso", "src\CPK.Sso\CPK.Sso.csproj", "{97CE0819-5DF9-4F48-BE3C-97C6027161C5}"
EndProject
Project("{2150E333-8FDC-42A3-9474-1A3956D46DE8}") = "Solution items", "Solution items", "{44418340-AB2F-4741-B7F2-6D3AE057960A}"
ProjectSection(SolutionItems) = preProject
	.dockerignore = .dockerignore
	.gitignore = .gitignore
	.gitlab-ci.yml = .gitlab-ci.yml
	docker-compose.yml = docker-compose.yml
EndProjectSection
EndProject
Project("{FAE04EC0-301F-11D3-BF4B-00C04F79EFBC}") = "CPK.Contracts", "CPK.Contracts\CPK.Contracts.csproj", "{4516B46D-207F-4E15-B407-B72CD331CD46}"
EndProject
Global
	GlobalSection(SolutionConfigurationPlatforms) = preSolution
		Debug|Any CPU = Debug|Any CPU
		Release|Any CPU = Release|Any CPU
	EndGlobalSection
	GlobalSection(ProjectConfigurationPlatforms) = postSolution
		{97CE0819-5DF9-4F48-BE3C-97C6027161C5}.Debug|Any CPU.ActiveCfg = Debug|Any CPU
		{97CE0819-5DF9-4F48-BE3C-97C6027161C5}.Debug|Any CPU.Build.0 = Debug|Any CPU
		{97CE0819-5DF9-4F48-BE3C-97C6027161C5}.Release|Any CPU.ActiveCfg = Release|Any CPU
		{97CE0819-5DF9-4F48-BE3C-97C6027161C5}.Release|Any CPU.Build.0 = Release|Any CPU
		{4516B46D-207F-4E15-B407-B72CD331CD46}.Debug|Any CPU.ActiveCfg = Debug|Any CPU
		{4516B46D-207F-4E15-B407-B72CD331CD46}.Debug|Any CPU.Build.0 = Debug|Any CPU
		{4516B46D-207F-4E15-B407-B72CD331CD46}.Release|Any CPU.ActiveCfg = Release|Any CPU
		{4516B46D-207F-4E15-B407-B72CD331CD46}.Release|Any CPU.Build.0 = Release|Any CPU
	EndGlobalSection
	GlobalSection(SolutionProperties) = preSolution
		HideSolutionNode = FALSE
	EndGlobalSection
	GlobalSection(ExtensibilityGlobals) = postSolution
		SolutionGuid = {DFFF8D5F-25DE-4C0E-9BEE-175B1E28337B}
	EndGlobalSection
EndGlobal
