
Microsoft Visual Studio Solution File, Format Version 12.00
# Visual Studio Version 16
VisualStudioVersion = 16.0.30204.135
MinimumVisualStudioVersion = 10.0.40219.1
Project("{9A19103F-16F7-4668-BE54-9A1E7A4F7556}") = "CPK.Sso", "src\CPK.Sso\CPK.Sso.csproj", "{97CE0819-5DF9-4F48-BE3C-97C6027161C5}"
EndProject
Project("{2150E333-8FDC-42A3-9474-1A3956D46DE8}") = "Solution items", "Solution items", "{44418340-AB2F-4741-B7F2-6D3AE057960A}"
	ProjectSection(SolutionItems) = preProject
		.dockerignore = .dockerignore
		.gitignore = .gitignore
		.gitlab-ci.yml = .gitlab-ci.yml
		docker-compose.yml = docker-compose.yml
	EndProjectSection
EndProject
Project("{2150E333-8FDC-42A3-9474-1A3956D46DE8}") = "Spa", "Spa", "{F5D0E136-BEC6-4A31-9EB7-4D6449B080F1}"
EndProject
Project("{2150E333-8FDC-42A3-9474-1A3956D46DE8}") = "Tests", "Tests", "{FAA3CF83-38E2-4F36-A2B6-01CE12587BFB}"
EndProject
Project("{2150E333-8FDC-42A3-9474-1A3956D46DE8}") = "Api", "Api", "{80806BB4-9B16-423D-ABB2-EE35E7338818}"
EndProject
Project("{9A19103F-16F7-4668-BE54-9A1E7A4F7556}") = "CPK.Contracts", "src\CPK.Contracts\CPK.Contracts.csproj", "{E5CF830D-4CE0-46BD-9CF7-5679C196E12B}"
EndProject
Project("{9A19103F-16F7-4668-BE54-9A1E7A4F7556}") = "CPK.Spa.Client", "src\CPK.Spa\Client\CPK.Spa.Client.csproj", "{1CF1B7E4-AD25-453D-A031-88037C4088FE}"
EndProject
Project("{9A19103F-16F7-4668-BE54-9A1E7A4F7556}") = "CPK.Spa.Server", "src\CPK.Spa\Server\CPK.Spa.Server.csproj", "{5F890CCC-E965-4D00-8B6C-14A4C14736E5}"
EndProject
Project("{9A19103F-16F7-4668-BE54-9A1E7A4F7556}") = "CPK.SharedModule", "src\Api\CPK.SharedModule\CPK.SharedModule.csproj", "{444C729A-F65C-4741-9DAC-595C51173A8C}"
EndProject
Project("{9A19103F-16F7-4668-BE54-9A1E7A4F7556}") = "CPK.BasketModule", "src\Api\CPK.BasketModule\CPK.BasketModule.csproj", "{A0697D89-7696-4A7D-A27A-EC765552E073}"
EndProject
Project("{9A19103F-16F7-4668-BE54-9A1E7A4F7556}") = "CPK.FilesModule", "src\Api\CPK.FilesModule\CPK.FilesModule.csproj", "{E9D45BBC-FE99-491D-821C-278761D4E7D0}"
EndProject
Project("{9A19103F-16F7-4668-BE54-9A1E7A4F7556}") = "CPK.OrdersModule", "src\Api\CPK.OrdersModule\CPK.OrdersModule.csproj", "{31170C95-11F2-4394-8463-F8C54808AC80}"
EndProject
Project("{9A19103F-16F7-4668-BE54-9A1E7A4F7556}") = "CPK.ProductsModule", "src\Api\CPK.ProductsModule\CPK.ProductsModule.csproj", "{03FA36E0-2763-4C85-9D5C-48A9A0B744D7}"
EndProject
Project("{9A19103F-16F7-4668-BE54-9A1E7A4F7556}") = "CPK.Api", "src\Api\CPK.Api\CPK.Api.csproj", "{C7DD589E-5859-462C-A42C-8BF638359F7D}"
EndProject
Project("{9A19103F-16F7-4668-BE54-9A1E7A4F7556}") = "CPK.SharedConfiguration", "CPK.SharedConfiguration\CPK.SharedConfiguration.csproj", "{036C3748-9A20-4C45-AB10-880C761AD8F6}"
EndProject
Project("{9A19103F-16F7-4668-BE54-9A1E7A4F7556}") = "CPK.ProductCategoriesModule", "src\Api\CPK.ProductCategoriesModule\CPK.ProductCategoriesModule.csproj", "{2DA38B14-1F58-42A1-B4A0-EE7E4C420976}"
EndProject
Global
	GlobalSection(SolutionConfigurationPlatforms) = preSolution
		Debug|Any CPU = Debug|Any CPU
		Release|Any CPU = Release|Any CPU
	EndGlobalSection
	GlobalSection(ProjectConfigurationPlatforms) = postSolution
		{97CE0819-5DF9-4F48-BE3C-97C6027161C5}.Debug|Any CPU.ActiveCfg = Debug|Any CPU
		{97CE0819-5DF9-4F48-BE3C-97C6027161C5}.Debug|Any CPU.Build.0 = Debug|Any CPU
		{97CE0819-5DF9-4F48-BE3C-97C6027161C5}.Release|Any CPU.ActiveCfg = Release|Any CPU
		{97CE0819-5DF9-4F48-BE3C-97C6027161C5}.Release|Any CPU.Build.0 = Release|Any CPU
		{E5CF830D-4CE0-46BD-9CF7-5679C196E12B}.Debug|Any CPU.ActiveCfg = Debug|Any CPU
		{E5CF830D-4CE0-46BD-9CF7-5679C196E12B}.Debug|Any CPU.Build.0 = Debug|Any CPU
		{E5CF830D-4CE0-46BD-9CF7-5679C196E12B}.Release|Any CPU.ActiveCfg = Release|Any CPU
		{E5CF830D-4CE0-46BD-9CF7-5679C196E12B}.Release|Any CPU.Build.0 = Release|Any CPU
		{1CF1B7E4-AD25-453D-A031-88037C4088FE}.Debug|Any CPU.ActiveCfg = Debug|Any CPU
		{1CF1B7E4-AD25-453D-A031-88037C4088FE}.Debug|Any CPU.Build.0 = Debug|Any CPU
		{1CF1B7E4-AD25-453D-A031-88037C4088FE}.Release|Any CPU.ActiveCfg = Release|Any CPU
		{1CF1B7E4-AD25-453D-A031-88037C4088FE}.Release|Any CPU.Build.0 = Release|Any CPU
		{5F890CCC-E965-4D00-8B6C-14A4C14736E5}.Debug|Any CPU.ActiveCfg = Debug|Any CPU
		{5F890CCC-E965-4D00-8B6C-14A4C14736E5}.Debug|Any CPU.Build.0 = Debug|Any CPU
		{5F890CCC-E965-4D00-8B6C-14A4C14736E5}.Release|Any CPU.ActiveCfg = Release|Any CPU
		{5F890CCC-E965-4D00-8B6C-14A4C14736E5}.Release|Any CPU.Build.0 = Release|Any CPU
		{444C729A-F65C-4741-9DAC-595C51173A8C}.Debug|Any CPU.ActiveCfg = Debug|Any CPU
		{444C729A-F65C-4741-9DAC-595C51173A8C}.Debug|Any CPU.Build.0 = Debug|Any CPU
		{444C729A-F65C-4741-9DAC-595C51173A8C}.Release|Any CPU.ActiveCfg = Release|Any CPU
		{444C729A-F65C-4741-9DAC-595C51173A8C}.Release|Any CPU.Build.0 = Release|Any CPU
		{A0697D89-7696-4A7D-A27A-EC765552E073}.Debug|Any CPU.ActiveCfg = Debug|Any CPU
		{A0697D89-7696-4A7D-A27A-EC765552E073}.Debug|Any CPU.Build.0 = Debug|Any CPU
		{A0697D89-7696-4A7D-A27A-EC765552E073}.Release|Any CPU.ActiveCfg = Release|Any CPU
		{A0697D89-7696-4A7D-A27A-EC765552E073}.Release|Any CPU.Build.0 = Release|Any CPU
		{E9D45BBC-FE99-491D-821C-278761D4E7D0}.Debug|Any CPU.ActiveCfg = Debug|Any CPU
		{E9D45BBC-FE99-491D-821C-278761D4E7D0}.Debug|Any CPU.Build.0 = Debug|Any CPU
		{E9D45BBC-FE99-491D-821C-278761D4E7D0}.Release|Any CPU.ActiveCfg = Release|Any CPU
		{E9D45BBC-FE99-491D-821C-278761D4E7D0}.Release|Any CPU.Build.0 = Release|Any CPU
		{31170C95-11F2-4394-8463-F8C54808AC80}.Debug|Any CPU.ActiveCfg = Debug|Any CPU
		{31170C95-11F2-4394-8463-F8C54808AC80}.Debug|Any CPU.Build.0 = Debug|Any CPU
		{31170C95-11F2-4394-8463-F8C54808AC80}.Release|Any CPU.ActiveCfg = Release|Any CPU
		{31170C95-11F2-4394-8463-F8C54808AC80}.Release|Any CPU.Build.0 = Release|Any CPU
		{03FA36E0-2763-4C85-9D5C-48A9A0B744D7}.Debug|Any CPU.ActiveCfg = Debug|Any CPU
		{03FA36E0-2763-4C85-9D5C-48A9A0B744D7}.Debug|Any CPU.Build.0 = Debug|Any CPU
		{03FA36E0-2763-4C85-9D5C-48A9A0B744D7}.Release|Any CPU.ActiveCfg = Release|Any CPU
		{03FA36E0-2763-4C85-9D5C-48A9A0B744D7}.Release|Any CPU.Build.0 = Release|Any CPU
		{C7DD589E-5859-462C-A42C-8BF638359F7D}.Debug|Any CPU.ActiveCfg = Debug|Any CPU
		{C7DD589E-5859-462C-A42C-8BF638359F7D}.Debug|Any CPU.Build.0 = Debug|Any CPU
		{C7DD589E-5859-462C-A42C-8BF638359F7D}.Release|Any CPU.ActiveCfg = Release|Any CPU
		{C7DD589E-5859-462C-A42C-8BF638359F7D}.Release|Any CPU.Build.0 = Release|Any CPU
		{036C3748-9A20-4C45-AB10-880C761AD8F6}.Debug|Any CPU.ActiveCfg = Debug|Any CPU
		{036C3748-9A20-4C45-AB10-880C761AD8F6}.Debug|Any CPU.Build.0 = Debug|Any CPU
		{036C3748-9A20-4C45-AB10-880C761AD8F6}.Release|Any CPU.ActiveCfg = Release|Any CPU
		{036C3748-9A20-4C45-AB10-880C761AD8F6}.Release|Any CPU.Build.0 = Release|Any CPU
		{2DA38B14-1F58-42A1-B4A0-EE7E4C420976}.Debug|Any CPU.ActiveCfg = Debug|Any CPU
		{2DA38B14-1F58-42A1-B4A0-EE7E4C420976}.Debug|Any CPU.Build.0 = Debug|Any CPU
		{2DA38B14-1F58-42A1-B4A0-EE7E4C420976}.Release|Any CPU.ActiveCfg = Release|Any CPU
		{2DA38B14-1F58-42A1-B4A0-EE7E4C420976}.Release|Any CPU.Build.0 = Release|Any CPU
	EndGlobalSection
	GlobalSection(SolutionProperties) = preSolution
		HideSolutionNode = FALSE
	EndGlobalSection
	GlobalSection(NestedProjects) = preSolution
		{1CF1B7E4-AD25-453D-A031-88037C4088FE} = {F5D0E136-BEC6-4A31-9EB7-4D6449B080F1}
		{5F890CCC-E965-4D00-8B6C-14A4C14736E5} = {F5D0E136-BEC6-4A31-9EB7-4D6449B080F1}
		{444C729A-F65C-4741-9DAC-595C51173A8C} = {80806BB4-9B16-423D-ABB2-EE35E7338818}
		{A0697D89-7696-4A7D-A27A-EC765552E073} = {80806BB4-9B16-423D-ABB2-EE35E7338818}
		{E9D45BBC-FE99-491D-821C-278761D4E7D0} = {80806BB4-9B16-423D-ABB2-EE35E7338818}
		{31170C95-11F2-4394-8463-F8C54808AC80} = {80806BB4-9B16-423D-ABB2-EE35E7338818}
		{03FA36E0-2763-4C85-9D5C-48A9A0B744D7} = {80806BB4-9B16-423D-ABB2-EE35E7338818}
		{C7DD589E-5859-462C-A42C-8BF638359F7D} = {80806BB4-9B16-423D-ABB2-EE35E7338818}
		{2DA38B14-1F58-42A1-B4A0-EE7E4C420976} = {80806BB4-9B16-423D-ABB2-EE35E7338818}
	EndGlobalSection
	GlobalSection(ExtensibilityGlobals) = postSolution
		SolutionGuid = {DFFF8D5F-25DE-4C0E-9BEE-175B1E28337B}
	EndGlobalSection
EndGlobal
